
Microsoft Visual Studio Solution File, Format Version 12.00
# Visual Studio Version 16
VisualStudioVersion = 16.0.30011.22
MinimumVisualStudioVersion = 10.0.40219.1
Project("{FAE04EC0-301F-11D3-BF4B-00C04F79EFBC}") = "KampIntro", "KampIntro\KampIntro.csproj", "{1FF59ECA-FF55-4898-9D17-0C3CCDFC392F}"
EndProject
Project("{FAE04EC0-301F-11D3-BF4B-00C04F79EFBC}") = "Donguler", "Donguler\Donguler.csproj", "{F01647D1-7B1E-4B90-BB6A-C0CD420D548D}"
EndProject
Project("{FAE04EC0-301F-11D3-BF4B-00C04F79EFBC}") = "ClassIntro", "ClassIntro\ClassIntro.csproj", "{B1C94C92-18AA-48AC-8B53-326FFC2755BF}"
EndProject
Project("{FAE04EC0-301F-11D3-BF4B-00C04F79EFBC}") = "Metotlar", "Metotlar\Metotlar.csproj", "{87132720-1776-4FE8-84BA-D5FCAAF8AAEC}"
EndProject
Project("{FAE04EC0-301F-11D3-BF4B-00C04F79EFBC}") = "Matematik", "Matematik\Matematik.csproj", "{18B14067-3F35-46F6-89C7-70E11D95A967}"
EndProject
Project("{FAE04EC0-301F-11D3-BF4B-00C04F79EFBC}") = "DegerVeReferansTipler", "DegerVeReferansTipler\DegerVeReferansTipler.csproj", "{F145ADEB-5497-4B2B-BF30-D9F06D18813F}"
EndProject
Global
	GlobalSection(SolutionConfigurationPlatforms) = preSolution
		Debug|Any CPU = Debug|Any CPU
		Release|Any CPU = Release|Any CPU
	EndGlobalSection
	GlobalSection(ProjectConfigurationPlatforms) = postSolution
		{1FF59ECA-FF55-4898-9D17-0C3CCDFC392F}.Debug|Any CPU.ActiveCfg = Debug|Any CPU
		{1FF59ECA-FF55-4898-9D17-0C3CCDFC392F}.Debug|Any CPU.Build.0 = Debug|Any CPU
		{1FF59ECA-FF55-4898-9D17-0C3CCDFC392F}.Release|Any CPU.ActiveCfg = Release|Any CPU
		{1FF59ECA-FF55-4898-9D17-0C3CCDFC392F}.Release|Any CPU.Build.0 = Release|Any CPU
		{F01647D1-7B1E-4B90-BB6A-C0CD420D548D}.Debug|Any CPU.ActiveCfg = Debug|Any CPU
		{F01647D1-7B1E-4B90-BB6A-C0CD420D548D}.Debug|Any CPU.Build.0 = Debug|Any CPU
		{F01647D1-7B1E-4B90-BB6A-C0CD420D548D}.Release|Any CPU.ActiveCfg = Release|Any CPU
		{F01647D1-7B1E-4B90-BB6A-C0CD420D548D}.Release|Any CPU.Build.0 = Release|Any CPU
		{B1C94C92-18AA-48AC-8B53-326FFC2755BF}.Debug|Any CPU.ActiveCfg = Debug|Any CPU
		{B1C94C92-18AA-48AC-8B53-326FFC2755BF}.Debug|Any CPU.Build.0 = Debug|Any CPU
		{B1C94C92-18AA-48AC-8B53-326FFC2755BF}.Release|Any CPU.ActiveCfg = Release|Any CPU
		{B1C94C92-18AA-48AC-8B53-326FFC2755BF}.Release|Any CPU.Build.0 = Release|Any CPU
		{87132720-1776-4FE8-84BA-D5FCAAF8AAEC}.Debug|Any CPU.ActiveCfg = Debug|Any CPU
		{87132720-1776-4FE8-84BA-D5FCAAF8AAEC}.Debug|Any CPU.Build.0 = Debug|Any CPU
		{87132720-1776-4FE8-84BA-D5FCAAF8AAEC}.Release|Any CPU.ActiveCfg = Release|Any CPU
		{87132720-1776-4FE8-84BA-D5FCAAF8AAEC}.Release|Any CPU.Build.0 = Release|Any CPU
		{18B14067-3F35-46F6-89C7-70E11D95A967}.Debug|Any CPU.ActiveCfg = Debug|Any CPU
		{18B14067-3F35-46F6-89C7-70E11D95A967}.Debug|Any CPU.Build.0 = Debug|Any CPU
		{18B14067-3F35-46F6-89C7-70E11D95A967}.Release|Any CPU.ActiveCfg = Release|Any CPU
		{18B14067-3F35-46F6-89C7-70E11D95A967}.Release|Any CPU.Build.0 = Release|Any CPU
		{F145ADEB-5497-4B2B-BF30-D9F06D18813F}.Debug|Any CPU.ActiveCfg = Debug|Any CPU
		{F145ADEB-5497-4B2B-BF30-D9F06D18813F}.Debug|Any CPU.Build.0 = Debug|Any CPU
		{F145ADEB-5497-4B2B-BF30-D9F06D18813F}.Release|Any CPU.ActiveCfg = Release|Any CPU
		{F145ADEB-5497-4B2B-BF30-D9F06D18813F}.Release|Any CPU.Build.0 = Release|Any CPU
	EndGlobalSection
	GlobalSection(SolutionProperties) = preSolution
		HideSolutionNode = FALSE
	EndGlobalSection
	GlobalSection(ExtensibilityGlobals) = postSolution
		SolutionGuid = {339024E6-7759-4B41-B6AF-05C76E0D0512}
	EndGlobalSection
EndGlobal
